
Microsoft Visual Studio Solution File, Format Version 12.00
# Visual Studio 15
VisualStudioVersion = 15.0.27428.2043
MinimumVisualStudioVersion = 10.0.40219.1
Project("{FAE04EC0-301F-11D3-BF4B-00C04F79EFBC}") = "BasicTest", "BasicTest\BasicTest.csproj", "{6F7BC1C2-5592-4D52-82B4-70C3C93E5301}"
EndProject
Global
	GlobalSection(SolutionConfigurationPlatforms) = preSolution
		Debug|Any CPU = Debug|Any CPU
		Release|Any CPU = Release|Any CPU
	EndGlobalSection
	GlobalSection(ProjectConfigurationPlatforms) = postSolution
		{6F7BC1C2-5592-4D52-82B4-70C3C93E5301}.Debug|Any CPU.ActiveCfg = Debug|Any CPU
		{6F7BC1C2-5592-4D52-82B4-70C3C93E5301}.Debug|Any CPU.Build.0 = Debug|Any CPU
		{6F7BC1C2-5592-4D52-82B4-70C3C93E5301}.Release|Any CPU.ActiveCfg = Release|Any CPU
		{6F7BC1C2-5592-4D52-82B4-70C3C93E5301}.Release|Any CPU.Build.0 = Release|Any CPU
	EndGlobalSection
	GlobalSection(SolutionProperties) = preSolution
		HideSolutionNode = FALSE
	EndGlobalSection
	GlobalSection(ExtensibilityGlobals) = postSolution
		SolutionGuid = {F5683C5E-7AE8-454E-9709-89AED8423DD4}
	EndGlobalSection
EndGlobal
